// !$*UTF8*$!
{
	archiveVersion = 1;
	classes = {
	};
	objectVersion = 48;
	objects = {

/* Begin PBXBuildFile section */
		5401B2D81FB93CC700D40B7A /* DroppablePin.swift in Sources */ = {isa = PBXBuildFile; fileRef = 5401B2D71FB93CC700D40B7A /* DroppablePin.swift */; };
		5401B2DA1FBBFBFD00D40B7A /* PhotoCell.swift in Sources */ = {isa = PBXBuildFile; fileRef = 5401B2D91FBBFBFD00D40B7A /* PhotoCell.swift */; };
		5401B2DC1FBD495000D40B7A /* Constants.swift in Sources */ = {isa = PBXBuildFile; fileRef = 5401B2DB1FBD495000D40B7A /* Constants.swift */; };
		5401B2DE1FBFDC2100D40B7A /* PopVC.swift in Sources */ = {isa = PBXBuildFile; fileRef = 5401B2DD1FBFDC2100D40B7A /* PopVC.swift */; };
		54303B591FB40B8500261CF3 /* AppDelegate.swift in Sources */ = {isa = PBXBuildFile; fileRef = 54303B581FB40B8500261CF3 /* AppDelegate.swift */; };
		54303B5B1FB40B8500261CF3 /* MapVC.swift in Sources */ = {isa = PBXBuildFile; fileRef = 54303B5A1FB40B8500261CF3 /* MapVC.swift */; };
		54303B5E1FB40B8500261CF3 /* Main.storyboard in Resources */ = {isa = PBXBuildFile; fileRef = 54303B5C1FB40B8500261CF3 /* Main.storyboard */; };
		54303B601FB40B8500261CF3 /* Assets.xcassets in Resources */ = {isa = PBXBuildFile; fileRef = 54303B5F1FB40B8500261CF3 /* Assets.xcassets */; };
		54303B631FB40B8500261CF3 /* LaunchScreen.storyboard in Resources */ = {isa = PBXBuildFile; fileRef = 54303B611FB40B8500261CF3 /* LaunchScreen.storyboard */; };
		72C55C3E883611814DD6D469 /* Pods_PixelCity.framework in Frameworks */ = {isa = PBXBuildFile; fileRef = 6CB313A169D72E85E40C6DAC /* Pods_PixelCity.framework */; };
/* End PBXBuildFile section */

/* Begin PBXFileReference section */
		18F06127CAE4F0A5589E98BF /* Pods-PixelCity.release.xcconfig */ = {isa = PBXFileReference; includeInIndex = 1; lastKnownFileType = text.xcconfig; name = "Pods-PixelCity.release.xcconfig"; path = "Pods/Target Support Files/Pods-PixelCity/Pods-PixelCity.release.xcconfig"; sourceTree = "<group>"; };
		5401B2D71FB93CC700D40B7A /* DroppablePin.swift */ = {isa = PBXFileReference; lastKnownFileType = sourcecode.swift; path = DroppablePin.swift; sourceTree = "<group>"; };
		5401B2D91FBBFBFD00D40B7A /* PhotoCell.swift */ = {isa = PBXFileReference; lastKnownFileType = sourcecode.swift; path = PhotoCell.swift; sourceTree = "<group>"; };
		5401B2DB1FBD495000D40B7A /* Constants.swift */ = {isa = PBXFileReference; lastKnownFileType = sourcecode.swift; path = Constants.swift; sourceTree = "<group>"; };
		5401B2DD1FBFDC2100D40B7A /* PopVC.swift */ = {isa = PBXFileReference; lastKnownFileType = sourcecode.swift; path = PopVC.swift; sourceTree = "<group>"; };
		54303B551FB40B8500261CF3 /* PixelCity.app */ = {isa = PBXFileReference; explicitFileType = wrapper.application; includeInIndex = 0; path = PixelCity.app; sourceTree = BUILT_PRODUCTS_DIR; };
		54303B581FB40B8500261CF3 /* AppDelegate.swift */ = {isa = PBXFileReference; lastKnownFileType = sourcecode.swift; path = AppDelegate.swift; sourceTree = "<group>"; };
		54303B5A1FB40B8500261CF3 /* MapVC.swift */ = {isa = PBXFileReference; lastKnownFileType = sourcecode.swift; path = MapVC.swift; sourceTree = "<group>"; };
		54303B5D1FB40B8500261CF3 /* Base */ = {isa = PBXFileReference; lastKnownFileType = file.storyboard; name = Base; path = Base.lproj/Main.storyboard; sourceTree = "<group>"; };
		54303B5F1FB40B8500261CF3 /* Assets.xcassets */ = {isa = PBXFileReference; lastKnownFileType = folder.assetcatalog; path = Assets.xcassets; sourceTree = "<group>"; };
		54303B621FB40B8500261CF3 /* Base */ = {isa = PBXFileReference; lastKnownFileType = file.storyboard; name = Base; path = Base.lproj/LaunchScreen.storyboard; sourceTree = "<group>"; };
		54303B641FB40B8500261CF3 /* Info.plist */ = {isa = PBXFileReference; lastKnownFileType = text.plist.xml; path = Info.plist; sourceTree = "<group>"; };
		6CB313A169D72E85E40C6DAC /* Pods_PixelCity.framework */ = {isa = PBXFileReference; explicitFileType = wrapper.framework; includeInIndex = 0; path = Pods_PixelCity.framework; sourceTree = BUILT_PRODUCTS_DIR; };
		C6482F054C6D0F3977E3B715 /* Pods-PixelCity.debug.xcconfig */ = {isa = PBXFileReference; includeInIndex = 1; lastKnownFileType = text.xcconfig; name = "Pods-PixelCity.debug.xcconfig"; path = "Pods/Target Support Files/Pods-PixelCity/Pods-PixelCity.debug.xcconfig"; sourceTree = "<group>"; };
/* End PBXFileReference section */

/* Begin PBXFrameworksBuildPhase section */
		54303B521FB40B8500261CF3 /* Frameworks */ = {
			isa = PBXFrameworksBuildPhase;
			buildActionMask = 2147483647;
			files = (
				72C55C3E883611814DD6D469 /* Pods_PixelCity.framework in Frameworks */,
			);
			runOnlyForDeploymentPostprocessing = 0;
		};
/* End PBXFrameworksBuildPhase section */

/* Begin PBXGroup section */
		51246120AD89B75203F8F7AC /* Pods */ = {
			isa = PBXGroup;
			children = (
				C6482F054C6D0F3977E3B715 /* Pods-PixelCity.debug.xcconfig */,
				18F06127CAE4F0A5589E98BF /* Pods-PixelCity.release.xcconfig */,
			);
			name = Pods;
			sourceTree = "<group>";
		};
		54303B4C1FB40B8500261CF3 = {
			isa = PBXGroup;
			children = (
				54303B571FB40B8500261CF3 /* PixelCity */,
				54303B561FB40B8500261CF3 /* Products */,
				51246120AD89B75203F8F7AC /* Pods */,
				9BE0969F410C5234F5AF4D44 /* Frameworks */,
			);
			sourceTree = "<group>";
		};
		54303B561FB40B8500261CF3 /* Products */ = {
			isa = PBXGroup;
			children = (
				54303B551FB40B8500261CF3 /* PixelCity.app */,
			);
			name = Products;
			sourceTree = "<group>";
		};
		54303B571FB40B8500261CF3 /* PixelCity */ = {
			isa = PBXGroup;
			children = (
				54303B6D1FB40BCF00261CF3 /* Utilities */,
				54303B6C1FB40BC600261CF3 /* Extensions */,
				54303B6B1FB40BBB00261CF3 /* View */,
				54303B6A1FB40BA500261CF3 /* Controller */,
				54303B581FB40B8500261CF3 /* AppDelegate.swift */,
				54303B5C1FB40B8500261CF3 /* Main.storyboard */,
				54303B5F1FB40B8500261CF3 /* Assets.xcassets */,
				54303B611FB40B8500261CF3 /* LaunchScreen.storyboard */,
				54303B641FB40B8500261CF3 /* Info.plist */,
			);
			path = PixelCity;
			sourceTree = "<group>";
		};
		54303B6A1FB40BA500261CF3 /* Controller */ = {
			isa = PBXGroup;
			children = (
				54303B5A1FB40B8500261CF3 /* MapVC.swift */,
				5401B2DD1FBFDC2100D40B7A /* PopVC.swift */,
			);
			path = Controller;
			sourceTree = "<group>";
		};
		54303B6B1FB40BBB00261CF3 /* View */ = {
			isa = PBXGroup;
			children = (
				5401B2D71FB93CC700D40B7A /* DroppablePin.swift */,
				5401B2D91FBBFBFD00D40B7A /* PhotoCell.swift */,
			);
			path = View;
			sourceTree = "<group>";
		};
		54303B6C1FB40BC600261CF3 /* Extensions */ = {
			isa = PBXGroup;
			children = (
			);
			path = Extensions;
			sourceTree = "<group>";
		};
		54303B6D1FB40BCF00261CF3 /* Utilities */ = {
			isa = PBXGroup;
			children = (
				5401B2DB1FBD495000D40B7A /* Constants.swift */,
			);
			path = Utilities;
			sourceTree = "<group>";
		};
		9BE0969F410C5234F5AF4D44 /* Frameworks */ = {
			isa = PBXGroup;
			children = (
				6CB313A169D72E85E40C6DAC /* Pods_PixelCity.framework */,
			);
			name = Frameworks;
			sourceTree = "<group>";
		};
/* End PBXGroup section */

/* Begin PBXNativeTarget section */
		54303B541FB40B8500261CF3 /* PixelCity */ = {
			isa = PBXNativeTarget;
			buildConfigurationList = 54303B671FB40B8500261CF3 /* Build configuration list for PBXNativeTarget "PixelCity" */;
			buildPhases = (
				24668CD58AAE5A91DA56870F /* [CP] Check Pods Manifest.lock */,
				54303B511FB40B8500261CF3 /* Sources */,
				54303B521FB40B8500261CF3 /* Frameworks */,
				54303B531FB40B8500261CF3 /* Resources */,
				F0E8F2E48F3CB9A1BFBFC974 /* [CP] Embed Pods Frameworks */,
				196C95298F255725AFD45BF6 /* [CP] Copy Pods Resources */,
			);
			buildRules = (
			);
			dependencies = (
			);
			name = PixelCity;
			productName = PixelCity;
			productReference = 54303B551FB40B8500261CF3 /* PixelCity.app */;
			productType = "com.apple.product-type.application";
		};
/* End PBXNativeTarget section */

/* Begin PBXProject section */
		54303B4D1FB40B8500261CF3 /* Project object */ = {
			isa = PBXProject;
			attributes = {
				LastSwiftUpdateCheck = 0900;
				LastUpgradeCheck = 0900;
				ORGANIZATIONNAME = "Scott Kilbourn";
				TargetAttributes = {
					54303B541FB40B8500261CF3 = {
						CreatedOnToolsVersion = 9.0;
						ProvisioningStyle = Automatic;
					};
				};
			};
			buildConfigurationList = 54303B501FB40B8500261CF3 /* Build configuration list for PBXProject "PixelCity" */;
			compatibilityVersion = "Xcode 8.0";
			developmentRegion = en;
			hasScannedForEncodings = 0;
			knownRegions = (
				en,
				Base,
			);
			mainGroup = 54303B4C1FB40B8500261CF3;
			productRefGroup = 54303B561FB40B8500261CF3 /* Products */;
			projectDirPath = "";
			projectRoot = "";
			targets = (
				54303B541FB40B8500261CF3 /* PixelCity */,
			);
		};
/* End PBXProject section */

/* Begin PBXResourcesBuildPhase section */
		54303B531FB40B8500261CF3 /* Resources */ = {
			isa = PBXResourcesBuildPhase;
			buildActionMask = 2147483647;
			files = (
				54303B631FB40B8500261CF3 /* LaunchScreen.storyboard in Resources */,
				54303B601FB40B8500261CF3 /* Assets.xcassets in Resources */,
				54303B5E1FB40B8500261CF3 /* Main.storyboard in Resources */,
			);
			runOnlyForDeploymentPostprocessing = 0;
		};
/* End PBXResourcesBuildPhase section */

/* Begin PBXShellScriptBuildPhase section */
		196C95298F255725AFD45BF6 /* [CP] Copy Pods Resources */ = {
			isa = PBXShellScriptBuildPhase;
			buildActionMask = 2147483647;
			files = (
			);
			inputPaths = (
			);
			name = "[CP] Copy Pods Resources";
			outputPaths = (
			);
			runOnlyForDeploymentPostprocessing = 0;
			shellPath = /bin/sh;
			shellScript = "\"${SRCROOT}/Pods/Target Support Files/Pods-PixelCity/Pods-PixelCity-resources.sh\"\n";
			showEnvVarsInLog = 0;
		};
		24668CD58AAE5A91DA56870F /* [CP] Check Pods Manifest.lock */ = {
			isa = PBXShellScriptBuildPhase;
			buildActionMask = 2147483647;
			files = (
			);
			inputPaths = (
			);
			name = "[CP] Check Pods Manifest.lock";
			outputPaths = (
			);
			runOnlyForDeploymentPostprocessing = 0;
			shellPath = /bin/sh;
			shellScript = "diff \"${PODS_ROOT}/../Podfile.lock\" \"${PODS_ROOT}/Manifest.lock\" > /dev/null\nif [ $? != 0 ] ; then\n    # print error to STDERR\n    echo \"error: The sandbox is not in sync with the Podfile.lock. Run 'pod install' or update your CocoaPods installation.\" >&2\n    exit 1\nfi\n";
			showEnvVarsInLog = 0;
		};
		F0E8F2E48F3CB9A1BFBFC974 /* [CP] Embed Pods Frameworks */ = {
			isa = PBXShellScriptBuildPhase;
			buildActionMask = 2147483647;
			files = (
			);
			inputPaths = (
			);
			name = "[CP] Embed Pods Frameworks";
			outputPaths = (
			);
			runOnlyForDeploymentPostprocessing = 0;
			shellPath = /bin/sh;
			shellScript = "\"${SRCROOT}/Pods/Target Support Files/Pods-PixelCity/Pods-PixelCity-frameworks.sh\"\n";
			showEnvVarsInLog = 0;
		};
/* End PBXShellScriptBuildPhase section */

/* Begin PBXSourcesBuildPhase section */
		54303B511FB40B8500261CF3 /* Sources */ = {
			isa = PBXSourcesBuildPhase;
			buildActionMask = 2147483647;
			files = (
				5401B2DE1FBFDC2100D40B7A /* PopVC.swift in Sources */,
				5401B2DC1FBD495000D40B7A /* Constants.swift in Sources */,
				5401B2DA1FBBFBFD00D40B7A /* PhotoCell.swift in Sources */,
				54303B5B1FB40B8500261CF3 /* MapVC.swift in Sources */,
				5401B2D81FB93CC700D40B7A /* DroppablePin.swift in Sources */,
				54303B591FB40B8500261CF3 /* AppDelegate.swift in Sources */,
			);
			runOnlyForDeploymentPostprocessing = 0;
		};
/* End PBXSourcesBuildPhase section */

/* Begin PBXVariantGroup section */
		54303B5C1FB40B8500261CF3 /* Main.storyboard */ = {
			isa = PBXVariantGroup;
			children = (
				54303B5D1FB40B8500261CF3 /* Base */,
			);
			name = Main.storyboard;
			sourceTree = "<group>";
		};
		54303B611FB40B8500261CF3 /* LaunchScreen.storyboard */ = {
			isa = PBXVariantGroup;
			children = (
				54303B621FB40B8500261CF3 /* Base */,
			);
			name = LaunchScreen.storyboard;
			sourceTree = "<group>";
		};
/* End PBXVariantGroup section */

/* Begin XCBuildConfiguration section */
		54303B651FB40B8500261CF3 /* Debug */ = {
			isa = XCBuildConfiguration;
			buildSettings = {
				ALWAYS_SEARCH_USER_PATHS = NO;
				CLANG_ANALYZER_NONNULL = YES;
				CLANG_ANALYZER_NUMBER_OBJECT_CONVERSION = YES_AGGRESSIVE;
				CLANG_CXX_LANGUAGE_STANDARD = "gnu++14";
				CLANG_CXX_LIBRARY = "libc++";
				CLANG_ENABLE_MODULES = YES;
				CLANG_ENABLE_OBJC_ARC = YES;
				CLANG_WARN_BLOCK_CAPTURE_AUTORELEASING = YES;
				CLANG_WARN_BOOL_CONVERSION = YES;
				CLANG_WARN_COMMA = YES;
				CLANG_WARN_CONSTANT_CONVERSION = YES;
				CLANG_WARN_DIRECT_OBJC_ISA_USAGE = YES_ERROR;
				CLANG_WARN_DOCUMENTATION_COMMENTS = YES;
				CLANG_WARN_EMPTY_BODY = YES;
				CLANG_WARN_ENUM_CONVERSION = YES;
				CLANG_WARN_INFINITE_RECURSION = YES;
				CLANG_WARN_INT_CONVERSION = YES;
				CLANG_WARN_NON_LITERAL_NULL_CONVERSION = YES;
				CLANG_WARN_OBJC_LITERAL_CONVERSION = YES;
				CLANG_WARN_OBJC_ROOT_CLASS = YES_ERROR;
				CLANG_WARN_RANGE_LOOP_ANALYSIS = YES;
				CLANG_WARN_STRICT_PROTOTYPES = YES;
				CLANG_WARN_SUSPICIOUS_MOVE = YES;
				CLANG_WARN_UNGUARDED_AVAILABILITY = YES_AGGRESSIVE;
				CLANG_WARN_UNREACHABLE_CODE = YES;
				CLANG_WARN__DUPLICATE_METHOD_MATCH = YES;
				CODE_SIGN_IDENTITY = "iPhone Developer";
				COPY_PHASE_STRIP = NO;
				DEBUG_INFORMATION_FORMAT = dwarf;
				ENABLE_STRICT_OBJC_MSGSEND = YES;
				ENABLE_TESTABILITY = YES;
				GCC_C_LANGUAGE_STANDARD = gnu11;
				GCC_DYNAMIC_NO_PIC = NO;
				GCC_NO_COMMON_BLOCKS = YES;
				GCC_OPTIMIZATION_LEVEL = 0;
				GCC_PREPROCESSOR_DEFINITIONS = (
					"DEBUG=1",
					"$(inherited)",
				);
				GCC_WARN_64_TO_32_BIT_CONVERSION = YES;
				GCC_WARN_ABOUT_RETURN_TYPE = YES_ERROR;
				GCC_WARN_UNDECLARED_SELECTOR = YES;
				GCC_WARN_UNINITIALIZED_AUTOS = YES_AGGRESSIVE;
				GCC_WARN_UNUSED_FUNCTION = YES;
				GCC_WARN_UNUSED_VARIABLE = YES;
				IPHONEOS_DEPLOYMENT_TARGET = 11.0;
				MTL_ENABLE_DEBUG_INFO = YES;
				ONLY_ACTIVE_ARCH = YES;
				SDKROOT = iphoneos;
				SWIFT_ACTIVE_COMPILATION_CONDITIONS = DEBUG;
				SWIFT_OPTIMIZATION_LEVEL = "-Onone";
			};
			name = Debug;
		};
		54303B661FB40B8500261CF3 /* Release */ = {
			isa = XCBuildConfiguration;
			buildSettings = {
				ALWAYS_SEARCH_USER_PATHS = NO;
				CLANG_ANALYZER_NONNULL = YES;
				CLANG_ANALYZER_NUMBER_OBJECT_CONVERSION = YES_AGGRESSIVE;
				CLANG_CXX_LANGUAGE_STANDARD = "gnu++14";
				CLANG_CXX_LIBRARY = "libc++";
				CLANG_ENABLE_MODULES = YES;
				CLANG_ENABLE_OBJC_ARC = YES;
				CLANG_WARN_BLOCK_CAPTURE_AUTORELEASING = YES;
				CLANG_WARN_BOOL_CONVERSION = YES;
				CLANG_WARN_COMMA = YES;
				CLANG_WARN_CONSTANT_CONVERSION = YES;
				CLANG_WARN_DIRECT_OBJC_ISA_USAGE = YES_ERROR;
				CLANG_WARN_DOCUMENTATION_COMMENTS = YES;
				CLANG_WARN_EMPTY_BODY = YES;
				CLANG_WARN_ENUM_CONVERSION = YES;
				CLANG_WARN_INFINITE_RECURSION = YES;
				CLANG_WARN_INT_CONVERSION = YES;
				CLANG_WARN_NON_LITERAL_NULL_CONVERSION = YES;
				CLANG_WARN_OBJC_LITERAL_CONVERSION = YES;
				CLANG_WARN_OBJC_ROOT_CLASS = YES_ERROR;
				CLANG_WARN_RANGE_LOOP_ANALYSIS = YES;
				CLANG_WARN_STRICT_PROTOTYPES = YES;
				CLANG_WARN_SUSPICIOUS_MOVE = YES;
				CLANG_WARN_UNGUARDED_AVAILABILITY = YES_AGGRESSIVE;
				CLANG_WARN_UNREACHABLE_CODE = YES;
				CLANG_WARN__DUPLICATE_METHOD_MATCH = YES;
				CODE_SIGN_IDENTITY = "iPhone Developer";
				COPY_PHASE_STRIP = NO;
				DEBUG_INFORMATION_FORMAT = "dwarf-with-dsym";
				ENABLE_NS_ASSERTIONS = NO;
				ENABLE_STRICT_OBJC_MSGSEND = YES;
				GCC_C_LANGUAGE_STANDARD = gnu11;
				GCC_NO_COMMON_BLOCKS = YES;
				GCC_WARN_64_TO_32_BIT_CONVERSION = YES;
				GCC_WARN_ABOUT_RETURN_TYPE = YES_ERROR;
				GCC_WARN_UNDECLARED_SELECTOR = YES;
				GCC_WARN_UNINITIALIZED_AUTOS = YES_AGGRESSIVE;
				GCC_WARN_UNUSED_FUNCTION = YES;
				GCC_WARN_UNUSED_VARIABLE = YES;
				IPHONEOS_DEPLOYMENT_TARGET = 11.0;
				MTL_ENABLE_DEBUG_INFO = NO;
				SDKROOT = iphoneos;
				SWIFT_OPTIMIZATION_LEVEL = "-Owholemodule";
				VALIDATE_PRODUCT = YES;
			};
			name = Release;
		};
		54303B681FB40B8500261CF3 /* Debug */ = {
			isa = XCBuildConfiguration;
			baseConfigurationReference = C6482F054C6D0F3977E3B715 /* Pods-PixelCity.debug.xcconfig */;
			buildSettings = {
				ASSETCATALOG_COMPILER_APPICON_NAME = AppIcon;
				CODE_SIGN_STYLE = Automatic;
				DEVELOPMENT_TEAM = Y79SBUWR57;
				INFOPLIST_FILE = PixelCity/Info.plist;
				IPHONEOS_DEPLOYMENT_TARGET = 10.2;
				LD_RUNPATH_SEARCH_PATHS = "$(inherited) @executable_path/Frameworks";
				PRODUCT_BUNDLE_IDENTIFIER = com.zoopstuff.PixelCity;
				PRODUCT_NAME = "$(TARGET_NAME)";
				SWIFT_VERSION = 4.0;
				TARGETED_DEVICE_FAMILY = "1,2";
			};
			name = Debug;
		};
		54303B691FB40B8500261CF3 /* Release */ = {
			isa = XCBuildConfiguration;
			baseConfigurationReference = 18F06127CAE4F0A5589E98BF /* Pods-PixelCity.release.xcconfig */;
			buildSettings = {
				ASSETCATALOG_COMPILER_APPICON_NAME = AppIcon;
				CODE_SIGN_STYLE = Automatic;
				DEVELOPMENT_TEAM = Y79SBUWR57;
				INFOPLIST_FILE = PixelCity/Info.plist;
				IPHONEOS_DEPLOYMENT_TARGET = 10.2;
				LD_RUNPATH_SEARCH_PATHS = "$(inherited) @executable_path/Frameworks";
				PRODUCT_BUNDLE_IDENTIFIER = com.zoopstuff.PixelCity;
				PRODUCT_NAME = "$(TARGET_NAME)";
				SWIFT_VERSION = 4.0;
				TARGETED_DEVICE_FAMILY = "1,2";
			};
			name = Release;
		};
/* End XCBuildConfiguration section */

/* Begin XCConfigurationList section */
		54303B501FB40B8500261CF3 /* Build configuration list for PBXProject "PixelCity" */ = {
			isa = XCConfigurationList;
			buildConfigurations = (
				54303B651FB40B8500261CF3 /* Debug */,
				54303B661FB40B8500261CF3 /* Release */,
			);
			defaultConfigurationIsVisible = 0;
			defaultConfigurationName = Release;
		};
		54303B671FB40B8500261CF3 /* Build configuration list for PBXNativeTarget "PixelCity" */ = {
			isa = XCConfigurationList;
			buildConfigurations = (
				54303B681FB40B8500261CF3 /* Debug */,
				54303B691FB40B8500261CF3 /* Release */,
			);
			defaultConfigurationIsVisible = 0;
			defaultConfigurationName = Release;
		};
/* End XCConfigurationList section */
	};
	rootObject = 54303B4D1FB40B8500261CF3 /* Project object */;
}
